// !$*UTF8*$!
{
	archiveVersion = 1;
	classes = {
	};
	objectVersion = 77;
	objects = {

/* Begin PBXBuildFile section */
		C31A86E82FC467D40064DFDC /* SwiftProtobuf in Frameworks */ = {isa = PBXBuildFile; productRef = C31A86E72FC467D40064DFDC /* SwiftProtobuf */; };
		C38E5EE02FBFF03C00899168 /* MPVKit in Frameworks */ = {isa = PBXBuildFile; productRef = C38E5EDF2FBFF03C00899168 /* MPVKit */; };
		C3B9223D30084A4A00A1F2C1 /* ZIPFoundation in Frameworks */ = {isa = PBXBuildFile; productRef = C3B9223C30084A4A00A1F2C1 /* ZIPFoundation */; };
/* End PBXBuildFile section */

/* Begin PBXContainerItemProxy section */
		C3E76F8C2FBED5B000DD7377 /* PBXContainerItemProxy */ = {
			isa = PBXContainerItemProxy;
			containerPortal = C3E76F762FBED5AF00DD7377 /* Project object */;
			proxyType = 1;
			remoteGlobalIDString = C3E76F7D2FBED5AF00DD7377;
			remoteInfo = PiliPod;
		};
		C3E76F962FBED5B000DD7377 /* PBXContainerItemProxy */ = {
			isa = PBXContainerItemProxy;
			containerPortal = C3E76F762FBED5AF00DD7377 /* Project object */;
			proxyType = 1;
			remoteGlobalIDString = C3E76F7D2FBED5AF00DD7377;
			remoteInfo = PiliPod;
		};
/* End PBXContainerItemProxy section */

/* Begin PBXCopyFilesBuildPhase section */
		C38E5C822FBFED7100899168 /* Embed Frameworks */ = {
			isa = PBXCopyFilesBuildPhase;
			buildActionMask = 2147483647;
			dstPath = "";
			dstSubfolderSpec = 10;
			files = (
			);
			name = "Embed Frameworks";
			runOnlyForDeploymentPostprocessing = 0;
		};
/* End PBXCopyFilesBuildPhase section */

/* Begin PBXFileReference section */
		C3E76F7E2FBED5AF00DD7377 /* PiliPod.app */ = {isa = PBXFileReference; explicitFileType = wrapper.application; includeInIndex = 0; path = PiliPod.app; sourceTree = BUILT_PRODUCTS_DIR; };
		C3E76F8B2FBED5B000DD7377 /* PiliPodTests.xctest */ = {isa = PBXFileReference; explicitFileType = wrapper.cfbundle; includeInIndex = 0; path = PiliPodTests.xctest; sourceTree = BUILT_PRODUCTS_DIR; };
		C3E76F952FBED5B000DD7377 /* PiliPodUITests.xctest */ = {isa = PBXFileReference; explicitFileType = wrapper.cfbundle; includeInIndex = 0; path = PiliPodUITests.xctest; sourceTree = BUILT_PRODUCTS_DIR; };
/* End PBXFileReference section */

/* Begin PBXFileSystemSynchronizedBuildFileExceptionSet section */
		C3A1EF1D2FD8292500CD65D5 /* Exceptions for "PiliPod" folder in "PiliPod" target */ = {
			isa = PBXFileSystemSynchronizedBuildFileExceptionSet;
			membershipExceptions = (
				Info.plist,
			);
			target = C3E76F7D2FBED5AF00DD7377 /* PiliPod */;
		};
/* End PBXFileSystemSynchronizedBuildFileExceptionSet section */

/* Begin PBXFileSystemSynchronizedRootGroup section */
		C3E76F802FBED5AF00DD7377 /* PiliPod */ = {
			isa = PBXFileSystemSynchronizedRootGroup;
			exceptions = (
				C3A1EF1D2FD8292500CD65D5 /* Exceptions for "PiliPod" folder in "PiliPod" target */,
			);
			path = PiliPod;
			sourceTree = "<group>";
		};
		C3E76F8E2FBED5B000DD7377 /* PiliPodTests */ = {
			isa = PBXFileSystemSynchronizedRootGroup;
			path = PiliPodTests;
			sourceTree = "<group>";
		};
		C3E76F982FBED5B000DD7377 /* PiliPodUITests */ = {
			isa = PBXFileSystemSynchronizedRootGroup;
			path = PiliPodUITests;
			sourceTree = "<group>";
		};
/* End PBXFileSystemSynchronizedRootGroup section */

/* Begin PBXFrameworksBuildPhase section */
		C3E76F7B2FBED5AF00DD7377 /* Frameworks */ = {
			isa = PBXFrameworksBuildPhase;
			buildActionMask = 2147483647;
			files = (
				C38E5EE02FBFF03C00899168 /* MPVKit in Frameworks */,
				C31A86E82FC467D40064DFDC /* SwiftProtobuf in Frameworks */,
				C3B9223D30084A4A00A1F2C1 /* ZIPFoundation in Frameworks */,
			);
			runOnlyForDeploymentPostprocessing = 0;
		};
		C3E76F882FBED5B000DD7377 /* Frameworks */ = {
			isa = PBXFrameworksBuildPhase;
			buildActionMask = 2147483647;
			files = (
			);
			runOnlyForDeploymentPostprocessing = 0;
		};
		C3E76F922FBED5B000DD7377 /* Frameworks */ = {
			isa = PBXFrameworksBuildPhase;
			buildActionMask = 2147483647;
			files = (
			);
			runOnlyForDeploymentPostprocessing = 0;
		};
/* End PBXFrameworksBuildPhase section */

/* Begin PBXGroup section */
		C31A86E62FC467D40064DFDC /* Frameworks */ = {
			isa = PBXGroup;
			children = (
			);
			name = Frameworks;
			sourceTree = "<group>";
		};
		C3E76F752FBED5AF00DD7377 = {
			isa = PBXGroup;
			children = (
				C3E76F802FBED5AF00DD7377 /* PiliPod */,
				C3E76F8E2FBED5B000DD7377 /* PiliPodTests */,
				C3E76F982FBED5B000DD7377 /* PiliPodUITests */,
				C31A86E62FC467D40064DFDC /* Frameworks */,
				C3E76F7F2FBED5AF00DD7377 /* Products */,
			);
			sourceTree = "<group>";
		};
		C3E76F7F2FBED5AF00DD7377 /* Products */ = {
			isa = PBXGroup;
			children = (
				C3E76F7E2FBED5AF00DD7377 /* PiliPod.app */,
				C3E76F8B2FBED5B000DD7377 /* PiliPodTests.xctest */,
				C3E76F952FBED5B000DD7377 /* PiliPodUITests.xctest */,
			);
			name = Products;
			sourceTree = "<group>";
		};
/* End PBXGroup section */

/* Begin PBXNativeTarget section */
		C3E76F7D2FBED5AF00DD7377 /* PiliPod */ = {
			isa = PBXNativeTarget;
			buildConfigurationList = C3E76F9F2FBED5B000DD7377 /* Build configuration list for PBXNativeTarget "PiliPod" */;
			buildPhases = (
				C3E76F7A2FBED5AF00DD7377 /* Sources */,
				C3E76F7B2FBED5AF00DD7377 /* Frameworks */,
				C3E76F7C2FBED5AF00DD7377 /* Resources */,
				C38E5C822FBFED7100899168 /* Embed Frameworks */,
			);
			buildRules = (
			);
			dependencies = (
			);
			fileSystemSynchronizedGroups = (
				C3E76F802FBED5AF00DD7377 /* PiliPod */,
			);
			name = PiliPod;
			packageProductDependencies = (
				C38E5EDF2FBFF03C00899168 /* MPVKit */,
				C31A86E72FC467D40064DFDC /* SwiftProtobuf */,
				C3B9223C30084A4A00A1F2C1 /* ZIPFoundation */,
			);
			productName = PiliPod;
			productReference = C3E76F7E2FBED5AF00DD7377 /* PiliPod.app */;
			productType = "com.apple.product-type.application";
		};
		C3E76F8A2FBED5B000DD7377 /* PiliPodTests */ = {
			isa = PBXNativeTarget;
			buildConfigurationList = C3E76FA22FBED5B000DD7377 /* Build configuration list for PBXNativeTarget "PiliPodTests" */;
			buildPhases = (
				C3E76F872FBED5B000DD7377 /* Sources */,
				C3E76F882FBED5B000DD7377 /* Frameworks */,
				C3E76F892FBED5B000DD7377 /* Resources */,
			);
			buildRules = (
			);
			dependencies = (
				C3E76F8D2FBED5B000DD7377 /* PBXTargetDependency */,
			);
			fileSystemSynchronizedGroups = (
				C3E76F8E2FBED5B000DD7377 /* PiliPodTests */,
			);
			name = PiliPodTests;
			packageProductDependencies = (
			);
			productName = PiliPodTests;
			productReference = C3E76F8B2FBED5B000DD7377 /* PiliPodTests.xctest */;
			productType = "com.apple.product-type.bundle.unit-test";
		};
		C3E76F942FBED5B000DD7377 /* PiliPodUITests */ = {
			isa = PBXNativeTarget;
			buildConfigurationList = C3E76FA52FBED5B000DD7377 /* Build configuration list for PBXNativeTarget "PiliPodUITests" */;
			buildPhases = (
				C3E76F912FBED5B000DD7377 /* Sources */,
				C3E76F922FBED5B000DD7377 /* Frameworks */,
				C3E76F932FBED5B000DD7377 /* Resources */,
			);
			buildRules = (
			);
			dependencies = (
				C3E76F972FBED5B000DD7377 /* PBXTargetDependency */,
			);
			fileSystemSynchronizedGroups = (
				C3E76F982FBED5B000DD7377 /* PiliPodUITests */,
			);
			name = PiliPodUITests;
			packageProductDependencies = (
			);
			productName = PiliPodUITests;
			productReference = C3E76F952FBED5B000DD7377 /* PiliPodUITests.xctest */;
			productType = "com.apple.product-type.bundle.ui-testing";
		};
/* End PBXNativeTarget section */

/* Begin PBXProject section */
		C3E76F762FBED5AF00DD7377 /* Project object */ = {
			isa = PBXProject;
			attributes = {
				BuildIndependentTargetsInParallel = 1;
				LastSwiftUpdateCheck = 2650;
				LastUpgradeCheck = 2650;
				TargetAttributes = {
					C3E76F7D2FBED5AF00DD7377 = {
						CreatedOnToolsVersion = 26.5;
					};
					C3E76F8A2FBED5B000DD7377 = {
						CreatedOnToolsVersion = 26.5;
						TestTargetID = C3E76F7D2FBED5AF00DD7377;
					};
					C3E76F942FBED5B000DD7377 = {
						CreatedOnToolsVersion = 26.5;
						TestTargetID = C3E76F7D2FBED5AF00DD7377;
					};
				};
			};
			buildConfigurationList = C3E76F792FBED5AF00DD7377 /* Build configuration list for PBXProject "PiliPod" */;
			developmentRegion = "zh-Hans";
			hasScannedForEncodings = 0;
			knownRegions = (
				Base,
				"zh-Hans",
				en,
				ja,
			);
			mainGroup = C3E76F752FBED5AF00DD7377;
			minimizedProjectReferenceProxies = 1;
			packageReferences = (
				C38E5EDE2FBFF03C00899168 /* XCRemoteSwiftPackageReference "MPVKit" */,
				C38E61B32FC466FD00899168 /* XCRemoteSwiftPackageReference "swift-protobuf" */,
				C3B9223B30084A4A00A1F2C1 /* XCRemoteSwiftPackageReference "ZIPFoundation" */,
			);
			preferredProjectObjectVersion = 77;
			productRefGroup = C3E76F7F2FBED5AF00DD7377 /* Products */;
			projectDirPath = "";
			projectRoot = "";
			targets = (
				C3E76F7D2FBED5AF00DD7377 /* PiliPod */,
				C3E76F8A2FBED5B000DD7377 /* PiliPodTests */,
				C3E76F942FBED5B000DD7377 /* PiliPodUITests */,
			);
		};
/* End PBXProject section */

/* Begin PBXResourcesBuildPhase section */
		C3E76F7C2FBED5AF00DD7377 /* Resources */ = {
			isa = PBXResourcesBuildPhase;
			buildActionMask = 2147483647;
			files = (
			);
			runOnlyForDeploymentPostprocessing = 0;
		};
		C3E76F892FBED5B000DD7377 /* Resources */ = {
			isa = PBXResourcesBuildPhase;
			buildActionMask = 2147483647;
			files = (
			);
			runOnlyForDeploymentPostprocessing = 0;
		};
		C3E76F932FBED5B000DD7377 /* Resources */ = {
			isa = PBXResourcesBuildPhase;
			buildActionMask = 2147483647;
			files = (
			);
			runOnlyForDeploymentPostprocessing = 0;
		};
/* End PBXResourcesBuildPhase section */

/* Begin PBXSourcesBuildPhase section */
		C3E76F7A2FBED5AF00DD7377 /* Sources */ = {
			isa = PBXSourcesBuildPhase;
			buildActionMask = 2147483647;
			files = (
			);
			runOnlyForDeploymentPostprocessing = 0;
		};
		C3E76F872FBED5B000DD7377 /* Sources */ = {
			isa = PBXSourcesBuildPhase;
			buildActionMask = 2147483647;
			files = (
			);
			runOnlyForDeploymentPostprocessing = 0;
		};
		C3E76F912FBED5B000DD7377 /* Sources */ = {
			isa = PBXSourcesBuildPhase;
			buildActionMask = 2147483647;
			files = (
			);
			runOnlyForDeploymentPostprocessing = 0;
		};
/* End PBXSourcesBuildPhase section */

/* Begin PBXTargetDependency section */
		C3E76F8D2FBED5B000DD7377 /* PBXTargetDependency */ = {
			isa = PBXTargetDependency;
			target = C3E76F7D2FBED5AF00DD7377 /* PiliPod */;
			targetProxy = C3E76F8C2FBED5B000DD7377 /* PBXContainerItemProxy */;
		};
		C3E76F972FBED5B000DD7377 /* PBXTargetDependency */ = {
			isa = PBXTargetDependency;
			target = C3E76F7D2FBED5AF00DD7377 /* PiliPod */;
			targetProxy = C3E76F962FBED5B000DD7377 /* PBXContainerItemProxy */;
		};
/* End PBXTargetDependency section */

/* Begin XCBuildConfiguration section */
		C3E76F9D2FBED5B000DD7377 /* Debug */ = {
			isa = XCBuildConfiguration;
			buildSettings = {
				ALWAYS_SEARCH_USER_PATHS = NO;
				ASSETCATALOG_COMPILER_GENERATE_SWIFT_ASSET_SYMBOL_EXTENSIONS = YES;
				CLANG_ANALYZER_NONNULL = YES;
				CLANG_ANALYZER_NUMBER_OBJECT_CONVERSION = YES_AGGRESSIVE;
				CLANG_CXX_LANGUAGE_STANDARD = "gnu++20";
				CLANG_ENABLE_MODULES = YES;
				CLANG_ENABLE_OBJC_ARC = YES;
				CLANG_ENABLE_OBJC_WEAK = YES;
				CLANG_WARN_BLOCK_CAPTURE_AUTORELEASING = YES;
				CLANG_WARN_BOOL_CONVERSION = YES;
				CLANG_WARN_COMMA = YES;
				CLANG_WARN_CONSTANT_CONVERSION = YES;
				CLANG_WARN_DEPRECATED_OBJC_IMPLEMENTATIONS = YES;
				CLANG_WARN_DIRECT_OBJC_ISA_USAGE = YES_ERROR;
				CLANG_WARN_DOCUMENTATION_COMMENTS = YES;
				CLANG_WARN_EMPTY_BODY = YES;
				CLANG_WARN_ENUM_CONVERSION = YES;
				CLANG_WARN_INFINITE_RECURSION = YES;
				CLANG_WARN_INT_CONVERSION = YES;
				CLANG_WARN_NON_LITERAL_NULL_CONVERSION = YES;
				CLANG_WARN_OBJC_IMPLICIT_RETAIN_SELF = YES;
				CLANG_WARN_OBJC_LITERAL_CONVERSION = YES;
				CLANG_WARN_OBJC_ROOT_CLASS = YES_ERROR;
				CLANG_WARN_QUOTED_INCLUDE_IN_FRAMEWORK_HEADER = YES;
				CLANG_WARN_RANGE_LOOP_ANALYSIS = YES;
				CLANG_WARN_STRICT_PROTOTYPES = YES;
				CLANG_WARN_SUSPICIOUS_MOVE = YES;
				CLANG_WARN_UNGUARDED_AVAILABILITY = YES_AGGRESSIVE;
				CLANG_WARN_UNREACHABLE_CODE = YES;
				CLANG_WARN__DUPLICATE_METHOD_MATCH = YES;
				COPY_PHASE_STRIP = NO;
				DEBUG_INFORMATION_FORMAT = dwarf;
				DEVELOPMENT_TEAM = CXKUBU37C3;
				ENABLE_STRICT_OBJC_MSGSEND = YES;
				ENABLE_TESTABILITY = YES;
				ENABLE_USER_SCRIPT_SANDBOXING = YES;
				GCC_C_LANGUAGE_STANDARD = gnu17;
				GCC_DYNAMIC_NO_PIC = NO;
				GCC_NO_COMMON_BLOCKS = YES;
				GCC_OPTIMIZATION_LEVEL = 0;
				GCC_PREPROCESSOR_DEFINITIONS = (
					"DEBUG=1",
					"$(inherited)",
				);
				GCC_WARN_64_TO_32_BIT_CONVERSION = YES;
				GCC_WARN_ABOUT_RETURN_TYPE = YES_ERROR;
				GCC_WARN_UNDECLARED_SELECTOR = YES;
				GCC_WARN_UNINITIALIZED_AUTOS = YES_AGGRESSIVE;
				GCC_WARN_UNUSED_FUNCTION = YES;
				GCC_WARN_UNUSED_VARIABLE = YES;
				LOCALIZATION_PREFERS_STRING_CATALOGS = YES;
				MTL_ENABLE_DEBUG_INFO = INCLUDE_SOURCE;
				MTL_FAST_MATH = YES;
				ONLY_ACTIVE_ARCH = YES;
				SWIFT_ACTIVE_COMPILATION_CONDITIONS = "DEBUG $(inherited)";
				SWIFT_EMIT_LOC_STRINGS = YES;
				SWIFT_OPTIMIZATION_LEVEL = "-Onone";
			};
			name = Debug;
		};
		C3E76F9E2FBED5B000DD7377 /* Release */ = {
			isa = XCBuildConfiguration;
			buildSettings = {
				ALWAYS_SEARCH_USER_PATHS = NO;
				ASSETCATALOG_COMPILER_GENERATE_SWIFT_ASSET_SYMBOL_EXTENSIONS = YES;
				CLANG_ANALYZER_NONNULL = YES;
				CLANG_ANALYZER_NUMBER_OBJECT_CONVERSION = YES_AGGRESSIVE;
				CLANG_CXX_LANGUAGE_STANDARD = "gnu++20";
				CLANG_ENABLE_MODULES = YES;
				CLANG_ENABLE_OBJC_ARC = YES;
				CLANG_ENABLE_OBJC_WEAK = YES;
				CLANG_WARN_BLOCK_CAPTURE_AUTORELEASING = YES;
				CLANG_WARN_BOOL_CONVERSION = YES;
				CLANG_WARN_COMMA = YES;
				CLANG_WARN_CONSTANT_CONVERSION = YES;
				CLANG_WARN_DEPRECATED_OBJC_IMPLEMENTATIONS = YES;
				CLANG_WARN_DIRECT_OBJC_ISA_USAGE = YES_ERROR;
				CLANG_WARN_DOCUMENTATION_COMMENTS = YES;
				CLANG_WARN_EMPTY_BODY = YES;
				CLANG_WARN_ENUM_CONVERSION = YES;
				CLANG_WARN_INFINITE_RECURSION = YES;
				CLANG_WARN_INT_CONVERSION = YES;
				CLANG_WARN_NON_LITERAL_NULL_CONVERSION = YES;
				CLANG_WARN_OBJC_IMPLICIT_RETAIN_SELF = YES;
				CLANG_WARN_OBJC_LITERAL_CONVERSION = YES;
				CLANG_WARN_OBJC_ROOT_CLASS = YES_ERROR;
				CLANG_WARN_QUOTED_INCLUDE_IN_FRAMEWORK_HEADER = YES;
				CLANG_WARN_RANGE_LOOP_ANALYSIS = YES;
				CLANG_WARN_STRICT_PROTOTYPES = YES;
				CLANG_WARN_SUSPICIOUS_MOVE = YES;
				CLANG_WARN_UNGUARDED_AVAILABILITY = YES_AGGRESSIVE;
				CLANG_WARN_UNREACHABLE_CODE = YES;
				CLANG_WARN__DUPLICATE_METHOD_MATCH = YES;
				COPY_PHASE_STRIP = NO;
				DEBUG_INFORMATION_FORMAT = "dwarf-with-dsym";
				DEVELOPMENT_TEAM = CXKUBU37C3;
				ENABLE_NS_ASSERTIONS = NO;
				ENABLE_STRICT_OBJC_MSGSEND = YES;
				ENABLE_USER_SCRIPT_SANDBOXING = YES;
				GCC_C_LANGUAGE_STANDARD = gnu17;
				GCC_NO_COMMON_BLOCKS = YES;
				GCC_WARN_64_TO_32_BIT_CONVERSION = YES;
				GCC_WARN_ABOUT_RETURN_TYPE = YES_ERROR;
				GCC_WARN_UNDECLARED_SELECTOR = YES;
				GCC_WARN_UNINITIALIZED_AUTOS = YES_AGGRESSIVE;
				GCC_WARN_UNUSED_FUNCTION = YES;
				GCC_WARN_UNUSED_VARIABLE = YES;
				LOCALIZATION_PREFERS_STRING_CATALOGS = YES;
				MTL_ENABLE_DEBUG_INFO = NO;
				MTL_FAST_MATH = YES;
				SWIFT_COMPILATION_MODE = wholemodule;
				SWIFT_EMIT_LOC_STRINGS = YES;
			};
			name = Release;
		};
		C3E76FA02FBED5B000DD7377 /* Debug */ = {
			isa = XCBuildConfiguration;
			buildSettings = {
				ASSETCATALOG_COMPILER_APPICON_NAME = AppIcon;
				ASSETCATALOG_COMPILER_GLOBAL_ACCENT_COLOR_NAME = AccentColor;
				CODE_SIGN_STYLE = Automatic;
				CURRENT_PROJECT_VERSION = 418;
				DEVELOPMENT_TEAM = CXKUBU37C3;
				ENABLE_APP_SANDBOX = YES;
				ENABLE_HARDENED_RUNTIME = YES;
				ENABLE_PREVIEWS = YES;
				ENABLE_USER_SELECTED_FILES = readonly;
				GENERATE_INFOPLIST_FILE = YES;
				INFOPLIST_FILE = PiliPod/Info.plist;
				INFOPLIST_KEY_CFBundleDisplayName = PiliPod;
				INFOPLIST_KEY_LSApplicationCategoryType = "public.app-category.video";
				INFOPLIST_KEY_NSPhotoLibraryAddUsageDescription = "应用需要相册权限来保存图片到相册";
				"INFOPLIST_KEY_UIApplicationSceneManifest_Generation[sdk=iphoneos*]" = YES;
				"INFOPLIST_KEY_UIApplicationSceneManifest_Generation[sdk=iphonesimulator*]" = YES;
				"INFOPLIST_KEY_UIApplicationSupportsIndirectInputEvents[sdk=iphoneos*]" = YES;
				"INFOPLIST_KEY_UIApplicationSupportsIndirectInputEvents[sdk=iphonesimulator*]" = YES;
				"INFOPLIST_KEY_UILaunchScreen_Generation[sdk=iphoneos*]" = YES;
				"INFOPLIST_KEY_UILaunchScreen_Generation[sdk=iphonesimulator*]" = YES;
				INFOPLIST_KEY_UIStatusBarHidden = NO;
				"INFOPLIST_KEY_UIStatusBarStyle[sdk=iphoneos*]" = UIStatusBarStyleDefault;
				"INFOPLIST_KEY_UIStatusBarStyle[sdk=iphonesimulator*]" = UIStatusBarStyleDefault;
				INFOPLIST_KEY_UISupportedInterfaceOrientations_iPad = "UIInterfaceOrientationPortrait UIInterfaceOrientationPortraitUpsideDown UIInterfaceOrientationLandscapeLeft UIInterfaceOrientationLandscapeRight";
				INFOPLIST_KEY_UISupportedInterfaceOrientations_iPhone = "UIInterfaceOrientationPortrait UIInterfaceOrientationLandscapeLeft UIInterfaceOrientationLandscapeRight";
				IPHONEOS_DEPLOYMENT_TARGET = 26.0;
				LD_RUNPATH_SEARCH_PATHS = "@executable_path/Frameworks";
				"LD_RUNPATH_SEARCH_PATHS[sdk=macosx*]" = "@executable_path/../Frameworks";
				LIBRARY_SEARCH_PATHS = (
					"$(inherited)",
					"$(PROJECT_DIR)/FFmpeg/lib/tvsimulator/thin/x86_64/lib",
					"$(PROJECT_DIR)/FFmpeg/lib/isimulator/thin/x86_64/lib",
					"$(PROJECT_DIR)/FFmpeg/lib/tvos/thin/arm64e/lib",
					"$(PROJECT_DIR)/FFmpeg/lib/maccatalyst/thin/arm64/lib",
					"$(PROJECT_DIR)/FFmpeg/lib/maccatalyst/thin/x86_64/lib",
					"$(PROJECT_DIR)/FFmpeg/lib/ios/thin/arm64/lib",
					"$(PROJECT_DIR)/FFmpeg/lib/tvsimulator/thin/arm64/lib",
					"$(PROJECT_DIR)/FFmpeg/lib/tvos/thin/arm64/lib",
					"$(PROJECT_DIR)/FFmpeg/lib/macos/thin/x86_64/lib",
					"$(PROJECT_DIR)/FFmpeg/lib/macos/thin/arm64/lib",
					"$(PROJECT_DIR)/FFmpeg/lib/xrsimulator/thin/arm64/lib",
					"$(PROJECT_DIR)/FFmpeg/lib/xros/thin/arm64/lib",
					"$(PROJECT_DIR)/FFmpeg/lib/isimulator/thin/arm64/lib",
				);
				MACOSX_DEPLOYMENT_TARGET = 26.0;
				MARKETING_VERSION = 0.3.7;
				PRODUCT_BUNDLE_IDENTIFIER = cn.bptpw.PiliPod;
				PRODUCT_NAME = "$(TARGET_NAME)";
				REGISTER_APP_GROUPS = YES;
				SDKROOT = auto;
				STRING_CATALOG_GENERATE_SYMBOLS = YES;
				SUPPORTED_PLATFORMS = "iphoneos iphonesimulator";
				SUPPORTS_MACCATALYST = NO;
				SWIFT_APPROACHABLE_CONCURRENCY = YES;
				SWIFT_DEFAULT_ACTOR_ISOLATION = nonisolated;
				SWIFT_EMIT_LOC_STRINGS = YES;
				SWIFT_UPCOMING_FEATURE_MEMBER_IMPORT_VISIBILITY = YES;
				SWIFT_VERSION = 5.0;
				TARGETED_DEVICE_FAMILY = "1,2";
				XROS_DEPLOYMENT_TARGET = 26.0;
			};
			name = Debug;
		};
		C3E76FA12FBED5B000DD7377 /* Release */ = {
			isa = XCBuildConfiguration;
			buildSettings = {
				ASSETCATALOG_COMPILER_APPICON_NAME = AppIcon;
				ASSETCATALOG_COMPILER_GLOBAL_ACCENT_COLOR_NAME = AccentColor;
				CODE_SIGN_STYLE = Automatic;
				CURRENT_PROJECT_VERSION = 418;
				DEVELOPMENT_TEAM = CXKUBU37C3;
				ENABLE_APP_SANDBOX = YES;
				ENABLE_HARDENED_RUNTIME = YES;
				ENABLE_PREVIEWS = YES;
				ENABLE_USER_SELECTED_FILES = readonly;
				GENERATE_INFOPLIST_FILE = YES;
				INFOPLIST_FILE = PiliPod/Info.plist;
				INFOPLIST_KEY_CFBundleDisplayName = PiliPod;
				INFOPLIST_KEY_LSApplicationCategoryType = "public.app-category.video";
				INFOPLIST_KEY_NSPhotoLibraryAddUsageDescription = "应用需要相册权限来保存图片到相册";
				"INFOPLIST_KEY_UIApplicationSceneManifest_Generation[sdk=iphoneos*]" = YES;
				"INFOPLIST_KEY_UIApplicationSceneManifest_Generation[sdk=iphonesimulator*]" = YES;
				"INFOPLIST_KEY_UIApplicationSupportsIndirectInputEvents[sdk=iphoneos*]" = YES;
				"INFOPLIST_KEY_UIApplicationSupportsIndirectInputEvents[sdk=iphonesimulator*]" = YES;
				"INFOPLIST_KEY_UILaunchScreen_Generation[sdk=iphoneos*]" = YES;
				"INFOPLIST_KEY_UILaunchScreen_Generation[sdk=iphonesimulator*]" = YES;
				INFOPLIST_KEY_UIStatusBarHidden = NO;
				"INFOPLIST_KEY_UIStatusBarStyle[sdk=iphoneos*]" = UIStatusBarStyleDefault;
				"INFOPLIST_KEY_UIStatusBarStyle[sdk=iphonesimulator*]" = UIStatusBarStyleDefault;
				INFOPLIST_KEY_UISupportedInterfaceOrientations_iPad = "UIInterfaceOrientationPortrait UIInterfaceOrientationPortraitUpsideDown UIInterfaceOrientationLandscapeLeft UIInterfaceOrientationLandscapeRight";
				INFOPLIST_KEY_UISupportedInterfaceOrientations_iPhone = "UIInterfaceOrientationPortrait UIInterfaceOrientationLandscapeLeft UIInterfaceOrientationLandscapeRight";
				IPHONEOS_DEPLOYMENT_TARGET = 26.0;
				LD_RUNPATH_SEARCH_PATHS = "@executable_path/Frameworks";
				"LD_RUNPATH_SEARCH_PATHS[sdk=macosx*]" = "@executable_path/../Frameworks";
				LIBRARY_SEARCH_PATHS = (
					"$(inherited)",
					"$(PROJECT_DIR)/FFmpeg/lib/tvsimulator/thin/x86_64/lib",
					"$(PROJECT_DIR)/FFmpeg/lib/isimulator/thin/x86_64/lib",
					"$(PROJECT_DIR)/FFmpeg/lib/tvos/thin/arm64e/lib",
					"$(PROJECT_DIR)/FFmpeg/lib/maccatalyst/thin/arm64/lib",
					"$(PROJECT_DIR)/FFmpeg/lib/maccatalyst/thin/x86_64/lib",
					"$(PROJECT_DIR)/FFmpeg/lib/ios/thin/arm64/lib",
					"$(PROJECT_DIR)/FFmpeg/lib/tvsimulator/thin/arm64/lib",
					"$(PROJECT_DIR)/FFmpeg/lib/tvos/thin/arm64/lib",
					"$(PROJECT_DIR)/FFmpeg/lib/macos/thin/x86_64/lib",
					"$(PROJECT_DIR)/FFmpeg/lib/macos/thin/arm64/lib",
					"$(PROJECT_DIR)/FFmpeg/lib/xrsimulator/thin/arm64/lib",
					"$(PROJECT_DIR)/FFmpeg/lib/xros/thin/arm64/lib",
					"$(PROJECT_DIR)/FFmpeg/lib/isimulator/thin/arm64/lib",
				);
				MACOSX_DEPLOYMENT_TARGET = 26.0;
				MARKETING_VERSION = 0.3.7;
				PRODUCT_BUNDLE_IDENTIFIER = cn.bptpw.PiliPod;
				PRODUCT_NAME = "$(TARGET_NAME)";
				REGISTER_APP_GROUPS = YES;
				SDKROOT = auto;
				STRING_CATALOG_GENERATE_SYMBOLS = YES;
				SUPPORTED_PLATFORMS = "iphoneos iphonesimulator";
				SUPPORTS_MACCATALYST = NO;
				SWIFT_APPROACHABLE_CONCURRENCY = YES;
				SWIFT_DEFAULT_ACTOR_ISOLATION = nonisolated;
				SWIFT_EMIT_LOC_STRINGS = YES;
				SWIFT_UPCOMING_FEATURE_MEMBER_IMPORT_VISIBILITY = YES;
				SWIFT_VERSION = 5.0;
				TARGETED_DEVICE_FAMILY = "1,2";
				XROS_DEPLOYMENT_TARGET = 26.0;
			};
			name = Release;
		};
		C3E76FA32FBED5B000DD7377 /* Debug */ = {
			isa = XCBuildConfiguration;
			buildSettings = {
				BUNDLE_LOADER = "$(TEST_HOST)";
				CODE_SIGN_STYLE = Automatic;
				CURRENT_PROJECT_VERSION = 1;
				DEVELOPMENT_TEAM = CXKUBU37C3;
				GENERATE_INFOPLIST_FILE = YES;
				IPHONEOS_DEPLOYMENT_TARGET = 26.0;
				MACOSX_DEPLOYMENT_TARGET = 26.5;
				MARKETING_VERSION = 1.0;
				PRODUCT_BUNDLE_IDENTIFIER = cn.bptpw.PiliPodTests;
				PRODUCT_NAME = "$(TARGET_NAME)";
				SDKROOT = auto;
				STRING_CATALOG_GENERATE_SYMBOLS = NO;
				SUPPORTED_PLATFORMS = "iphoneos iphonesimulator macosx xros xrsimulator";
				SWIFT_APPROACHABLE_CONCURRENCY = YES;
				SWIFT_EMIT_LOC_STRINGS = NO;
				SWIFT_UPCOMING_FEATURE_MEMBER_IMPORT_VISIBILITY = YES;
				SWIFT_VERSION = 5.0;
				TARGETED_DEVICE_FAMILY = "1,2,7";
				TEST_HOST = "$(BUILT_PRODUCTS_DIR)/PiliPod.app/$(BUNDLE_EXECUTABLE_FOLDER_PATH)/PiliPod";
				XROS_DEPLOYMENT_TARGET = 26.5;
			};
			name = Debug;
		};
		C3E76FA42FBED5B000DD7377 /* Release */ = {
			isa = XCBuildConfiguration;
			buildSettings = {
				BUNDLE_LOADER = "$(TEST_HOST)";
				CODE_SIGN_STYLE = Automatic;
				CURRENT_PROJECT_VERSION = 1;
				DEVELOPMENT_TEAM = CXKUBU37C3;
				GENERATE_INFOPLIST_FILE = YES;
				IPHONEOS_DEPLOYMENT_TARGET = 26.0;
				MACOSX_DEPLOYMENT_TARGET = 26.5;
				MARKETING_VERSION = 1.0;
				PRODUCT_BUNDLE_IDENTIFIER = cn.bptpw.PiliPodTests;
				PRODUCT_NAME = "$(TARGET_NAME)";
				SDKROOT = auto;
				STRING_CATALOG_GENERATE_SYMBOLS = NO;
				SUPPORTED_PLATFORMS = "iphoneos iphonesimulator macosx xros xrsimulator";
				SWIFT_APPROACHABLE_CONCURRENCY = YES;
				SWIFT_EMIT_LOC_STRINGS = NO;
				SWIFT_UPCOMING_FEATURE_MEMBER_IMPORT_VISIBILITY = YES;
				SWIFT_VERSION = 5.0;
				TARGETED_DEVICE_FAMILY = "1,2,7";
				TEST_HOST = "$(BUILT_PRODUCTS_DIR)/PiliPod.app/$(BUNDLE_EXECUTABLE_FOLDER_PATH)/PiliPod";
				XROS_DEPLOYMENT_TARGET = 26.5;
			};
			name = Release;
		};
		C3E76FA62FBED5B000DD7377 /* Debug */ = {
			isa = XCBuildConfiguration;
			buildSettings = {
				CODE_SIGN_STYLE = Automatic;
				CURRENT_PROJECT_VERSION = 1;
				DEVELOPMENT_TEAM = CXKUBU37C3;
				GENERATE_INFOPLIST_FILE = YES;
				IPHONEOS_DEPLOYMENT_TARGET = 26.0;
				MACOSX_DEPLOYMENT_TARGET = 26.5;
				MARKETING_VERSION = 1.0;
				PRODUCT_BUNDLE_IDENTIFIER = cn.bptpw.PiliPodUITests;
				PRODUCT_NAME = "$(TARGET_NAME)";
				SDKROOT = auto;
				STRING_CATALOG_GENERATE_SYMBOLS = NO;
				SUPPORTED_PLATFORMS = "iphoneos iphonesimulator macosx xros xrsimulator";
				SWIFT_APPROACHABLE_CONCURRENCY = YES;
				SWIFT_EMIT_LOC_STRINGS = NO;
				SWIFT_UPCOMING_FEATURE_MEMBER_IMPORT_VISIBILITY = YES;
				SWIFT_VERSION = 5.0;
				TARGETED_DEVICE_FAMILY = "1,2,7";
				TEST_TARGET_NAME = PiliPod;
				XROS_DEPLOYMENT_TARGET = 26.5;
			};
			name = Debug;
		};
		C3E76FA72FBED5B000DD7377 /* Release */ = {
			isa = XCBuildConfiguration;
			buildSettings = {
				CODE_SIGN_STYLE = Automatic;
				CURRENT_PROJECT_VERSION = 1;
				DEVELOPMENT_TEAM = CXKUBU37C3;
				GENERATE_INFOPLIST_FILE = YES;
				IPHONEOS_DEPLOYMENT_TARGET = 26.0;
				MACOSX_DEPLOYMENT_TARGET = 26.5;
				MARKETING_VERSION = 1.0;
				PRODUCT_BUNDLE_IDENTIFIER = cn.bptpw.PiliPodUITests;
				PRODUCT_NAME = "$(TARGET_NAME)";
				SDKROOT = auto;
				STRING_CATALOG_GENERATE_SYMBOLS = NO;
				SUPPORTED_PLATFORMS = "iphoneos iphonesimulator macosx xros xrsimulator";
				SWIFT_APPROACHABLE_CONCURRENCY = YES;
				SWIFT_EMIT_LOC_STRINGS = NO;
				SWIFT_UPCOMING_FEATURE_MEMBER_IMPORT_VISIBILITY = YES;
				SWIFT_VERSION = 5.0;
				TARGETED_DEVICE_FAMILY = "1,2,7";
				TEST_TARGET_NAME = PiliPod;
				XROS_DEPLOYMENT_TARGET = 26.5;
			};
			name = Release;
		};
/* End XCBuildConfiguration section */

/* Begin XCConfigurationList section */
		C3E76F792FBED5AF00DD7377 /* Build configuration list for PBXProject "PiliPod" */ = {
			isa = XCConfigurationList;
			buildConfigurations = (
				C3E76F9D2FBED5B000DD7377 /* Debug */,
				C3E76F9E2FBED5B000DD7377 /* Release */,
			);
			defaultConfigurationIsVisible = 0;
			defaultConfigurationName = Release;
		};
		C3E76F9F2FBED5B000DD7377 /* Build configuration list for PBXNativeTarget "PiliPod" */ = {
			isa = XCConfigurationList;
			buildConfigurations = (
				C3E76FA02FBED5B000DD7377 /* Debug */,
				C3E76FA12FBED5B000DD7377 /* Release */,
			);
			defaultConfigurationIsVisible = 0;
			defaultConfigurationName = Release;
		};
		C3E76FA22FBED5B000DD7377 /* Build configuration list for PBXNativeTarget "PiliPodTests" */ = {
			isa = XCConfigurationList;
			buildConfigurations = (
				C3E76FA32FBED5B000DD7377 /* Debug */,
				C3E76FA42FBED5B000DD7377 /* Release */,
			);
			defaultConfigurationIsVisible = 0;
			defaultConfigurationName = Release;
		};
		C3E76FA52FBED5B000DD7377 /* Build configuration list for PBXNativeTarget "PiliPodUITests" */ = {
			isa = XCConfigurationList;
			buildConfigurations = (
				C3E76FA62FBED5B000DD7377 /* Debug */,
				C3E76FA72FBED5B000DD7377 /* Release */,
			);
			defaultConfigurationIsVisible = 0;
			defaultConfigurationName = Release;
		};
/* End XCConfigurationList section */

/* Begin XCRemoteSwiftPackageReference section */
		C38E5EDE2FBFF03C00899168 /* XCRemoteSwiftPackageReference "MPVKit" */ = {
			isa = XCRemoteSwiftPackageReference;
			repositoryURL = "https://github.com/mpvkit/MPVKit.git";
			requirement = {
				kind = upToNextMajorVersion;
				minimumVersion = 0.41.0;
			};
		};
		C38E61B32FC466FD00899168 /* XCRemoteSwiftPackageReference "swift-protobuf" */ = {
			isa = XCRemoteSwiftPackageReference;
			repositoryURL = "https://github.com/apple/swift-protobuf.git";
			requirement = {
				kind = upToNextMajorVersion;
				minimumVersion = 1.38.0;
			};
		};
		C3B9223B30084A4A00A1F2C1 /* XCRemoteSwiftPackageReference "ZIPFoundation" */ = {
			isa = XCRemoteSwiftPackageReference;
			repositoryURL = "https://github.com/weichsel/ZIPFoundation.git";
			requirement = {
				kind = upToNextMajorVersion;
				minimumVersion = 0.9.20;
			};
		};
/* End XCRemoteSwiftPackageReference section */

/* Begin XCSwiftPackageProductDependency section */
		C31A86E72FC467D40064DFDC /* SwiftProtobuf */ = {
			isa = XCSwiftPackageProductDependency;
			package = C38E61B32FC466FD00899168 /* XCRemoteSwiftPackageReference "swift-protobuf" */;
			productName = SwiftProtobuf;
		};
		C38E5EDF2FBFF03C00899168 /* MPVKit */ = {
			isa = XCSwiftPackageProductDependency;
			package = C38E5EDE2FBFF03C00899168 /* XCRemoteSwiftPackageReference "MPVKit" */;
			productName = MPVKit;
		};
		C3B9223C30084A4A00A1F2C1 /* ZIPFoundation */ = {
			isa = XCSwiftPackageProductDependency;
			package = C3B9223B30084A4A00A1F2C1 /* XCRemoteSwiftPackageReference "ZIPFoundation" */;
			productName = ZIPFoundation;
		};
/* End XCSwiftPackageProductDependency section */
	};
	rootObject = C3E76F762FBED5AF00DD7377 /* Project object */;
}
